
Microsoft Visual Studio Solution File, Format Version 12.00
# Visual Studio Version 17
VisualStudioVersion = 17.11.35208.52
MinimumVisualStudioVersion = 10.0.40219.1
Project("{FAE04EC0-301F-11D3-BF4B-00C04F79EFBC}") = "AlbionFlipperServer", "AlbionFlipperServer.csproj", "{971BAAD5-E2C1-4BAD-96C3-F6ACE4CE37B3}"
EndProject
Global
	GlobalSection(SolutionConfigurationPlatforms) = preSolution
		Debug|Any CPU = Debug|Any CPU
		Release|Any CPU = Release|Any CPU
	EndGlobalSection
	GlobalSection(ProjectConfigurationPlatforms) = postSolution
		{971BAAD5-E2C1-4BAD-96C3-F6ACE4CE37B3}.Debug|Any CPU.ActiveCfg = Debug|Any CPU
		{971BAAD5-E2C1-4BAD-96C3-F6ACE4CE37B3}.Debug|Any CPU.Build.0 = Debug|Any CPU
		{971BAAD5-E2C1-4BAD-96C3-F6ACE4CE37B3}.Release|Any CPU.ActiveCfg = Release|Any CPU
		{971BAAD5-E2C1-4BAD-96C3-F6ACE4CE37B3}.Release|Any CPU.Build.0 = Release|Any CPU
	EndGlobalSection
	GlobalSection(SolutionProperties) = preSolution
		HideSolutionNode = FALSE
	EndGlobalSection
	GlobalSection(ExtensibilityGlobals) = postSolution
		SolutionGuid = {261ACE23-CD80-4839-92DC-25EF7FB5E06E}
	EndGlobalSection
EndGlobal
